// !$*UTF8*$!
{
	archiveVersion = 1;
	classes = {
	};
	objectVersion = 46;
	objects = {

/* Begin PBXBuildFile section */
		6D8F35DF18859D4D00C8AD4C /* Foundation.framework in Frameworks */ = {isa = PBXBuildFile; fileRef = 6D8F35DE18859D4D00C8AD4C /* Foundation.framework */; };
		6D8F35E118859D4D00C8AD4C /* CoreGraphics.framework in Frameworks */ = {isa = PBXBuildFile; fileRef = 6D8F35E018859D4D00C8AD4C /* CoreGraphics.framework */; };
		6D8F35E318859D4D00C8AD4C /* UIKit.framework in Frameworks */ = {isa = PBXBuildFile; fileRef = 6D8F35E218859D4D00C8AD4C /* UIKit.framework */; };
		6D8F35E918859D4D00C8AD4C /* InfoPlist.strings in Resources */ = {isa = PBXBuildFile; fileRef = 6D8F35E718859D4D00C8AD4C /* InfoPlist.strings */; };
		6D8F35EB18859D4D00C8AD4C /* main.m in Sources */ = {isa = PBXBuildFile; fileRef = 6D8F35EA18859D4D00C8AD4C /* main.m */; };
		6D8F35EF18859D4D00C8AD4C /* AppDelegate.m in Sources */ = {isa = PBXBuildFile; fileRef = 6D8F35EE18859D4D00C8AD4C /* AppDelegate.m */; };
		6D8F35F218859D4D00C8AD4C /* Main.storyboard in Resources */ = {isa = PBXBuildFile; fileRef = 6D8F35F018859D4D00C8AD4C /* Main.storyboard */; };
		6D8F35F518859D4D00C8AD4C /* MasterViewController.m in Sources */ = {isa = PBXBuildFile; fileRef = 6D8F35F418859D4D00C8AD4C /* MasterViewController.m */; };
		6D8F35F818859D4D00C8AD4C /* DetailViewController.m in Sources */ = {isa = PBXBuildFile; fileRef = 6D8F35F718859D4D00C8AD4C /* DetailViewController.m */; };
		6D8F35FA18859D4D00C8AD4C /* Images.xcassets in Resources */ = {isa = PBXBuildFile; fileRef = 6D8F35F918859D4D00C8AD4C /* Images.xcassets */; };
		6D8F360118859D4D00C8AD4C /* XCTest.framework in Frameworks */ = {isa = PBXBuildFile; fileRef = 6D8F360018859D4D00C8AD4C /* XCTest.framework */; };
		6D8F360218859D4D00C8AD4C /* Foundation.framework in Frameworks */ = {isa = PBXBuildFile; fileRef = 6D8F35DE18859D4D00C8AD4C /* Foundation.framework */; };
		6D8F360318859D4D00C8AD4C /* UIKit.framework in Frameworks */ = {isa = PBXBuildFile; fileRef = 6D8F35E218859D4D00C8AD4C /* UIKit.framework */; };
		6D8F360B18859D4D00C8AD4C /* InfoPlist.strings in Resources */ = {isa = PBXBuildFile; fileRef = 6D8F360918859D4D00C8AD4C /* InfoPlist.strings */; };
		6D8F360D18859D4D00C8AD4C /* RottenTomatoesBootcampTests.m in Sources */ = {isa = PBXBuildFile; fileRef = 6D8F360C18859D4D00C8AD4C /* RottenTomatoesBootcampTests.m */; };
		6D8F36181885CBC400C8AD4C /* DetailCell.m in Sources */ = {isa = PBXBuildFile; fileRef = 6D8F36171885CBC400C8AD4C /* DetailCell.m */; };
		6D8F361B1885D5F800C8AD4C /* Movie.m in Sources */ = {isa = PBXBuildFile; fileRef = 6D8F361A1885D5F800C8AD4C /* Movie.m */; };
		6D8F361F1885D6B300C8AD4C /* RottenCommunicator.m in Sources */ = {isa = PBXBuildFile; fileRef = 6D8F361E1885D6B300C8AD4C /* RottenCommunicator.m */; };
		6D8F36221885DFA600C8AD4C /* MovieBuilder.m in Sources */ = {isa = PBXBuildFile; fileRef = 6D8F36211885DFA600C8AD4C /* MovieBuilder.m */; };
		6D8F36261885E9C100C8AD4C /* RottenManager.m in Sources */ = {isa = PBXBuildFile; fileRef = 6D8F36251885E9C100C8AD4C /* RottenManager.m */; };
		6D8F36281886F0C100C8AD4C /* tomato_whole_red_1.png in Resources */ = {isa = PBXBuildFile; fileRef = 6D8F36271886F0C100C8AD4C /* tomato_whole_red_1.png */; };
/* End PBXBuildFile section */

/* Begin PBXContainerItemProxy section */
		6D8F360418859D4D00C8AD4C /* PBXContainerItemProxy */ = {
			isa = PBXContainerItemProxy;
			containerPortal = 6D8F35D318859D4D00C8AD4C /* Project object */;
			proxyType = 1;
			remoteGlobalIDString = 6D8F35DA18859D4D00C8AD4C;
			remoteInfo = RottenTomatoesBootcamp;
		};
/* End PBXContainerItemProxy section */

/* Begin PBXFileReference section */
		6D8F35DB18859D4D00C8AD4C /* RottenTomatoesBootcamp.app */ = {isa = PBXFileReference; explicitFileType = wrapper.application; includeInIndex = 0; path = RottenTomatoesBootcamp.app; sourceTree = BUILT_PRODUCTS_DIR; };
		6D8F35DE18859D4D00C8AD4C /* Foundation.framework */ = {isa = PBXFileReference; lastKnownFileType = wrapper.framework; name = Foundation.framework; path = System/Library/Frameworks/Foundation.framework; sourceTree = SDKROOT; };
		6D8F35E018859D4D00C8AD4C /* CoreGraphics.framework */ = {isa = PBXFileReference; lastKnownFileType = wrapper.framework; name = CoreGraphics.framework; path = System/Library/Frameworks/CoreGraphics.framework; sourceTree = SDKROOT; };
		6D8F35E218859D4D00C8AD4C /* UIKit.framework */ = {isa = PBXFileReference; lastKnownFileType = wrapper.framework; name = UIKit.framework; path = System/Library/Frameworks/UIKit.framework; sourceTree = SDKROOT; };
		6D8F35E618859D4D00C8AD4C /* RottenTomatoesBootcamp-Info.plist */ = {isa = PBXFileReference; lastKnownFileType = text.plist.xml; path = "RottenTomatoesBootcamp-Info.plist"; sourceTree = "<group>"; };
		6D8F35E818859D4D00C8AD4C /* en */ = {isa = PBXFileReference; lastKnownFileType = text.plist.strings; name = en; path = en.lproj/InfoPlist.strings; sourceTree = "<group>"; };
		6D8F35EA18859D4D00C8AD4C /* main.m */ = {isa = PBXFileReference; lastKnownFileType = sourcecode.c.objc; path = main.m; sourceTree = "<group>"; };
		6D8F35EC18859D4D00C8AD4C /* RottenTomatoesBootcamp-Prefix.pch */ = {isa = PBXFileReference; lastKnownFileType = sourcecode.c.h; path = "RottenTomatoesBootcamp-Prefix.pch"; sourceTree = "<group>"; };
		6D8F35ED18859D4D00C8AD4C /* AppDelegate.h */ = {isa = PBXFileReference; lastKnownFileType = sourcecode.c.h; path = AppDelegate.h; sourceTree = "<group>"; };
		6D8F35EE18859D4D00C8AD4C /* AppDelegate.m */ = {isa = PBXFileReference; lastKnownFileType = sourcecode.c.objc; path = AppDelegate.m; sourceTree = "<group>"; };
		6D8F35F118859D4D00C8AD4C /* Base */ = {isa = PBXFileReference; lastKnownFileType = file.storyboard; name = Base; path = Base.lproj/Main.storyboard; sourceTree = "<group>"; };
		6D8F35F318859D4D00C8AD4C /* MasterViewController.h */ = {isa = PBXFileReference; lastKnownFileType = sourcecode.c.h; path = MasterViewController.h; sourceTree = "<group>"; };
		6D8F35F418859D4D00C8AD4C /* MasterViewController.m */ = {isa = PBXFileReference; lastKnownFileType = sourcecode.c.objc; path = MasterViewController.m; sourceTree = "<group>"; };
		6D8F35F618859D4D00C8AD4C /* DetailViewController.h */ = {isa = PBXFileReference; lastKnownFileType = sourcecode.c.h; path = DetailViewController.h; sourceTree = "<group>"; };
		6D8F35F718859D4D00C8AD4C /* DetailViewController.m */ = {isa = PBXFileReference; lastKnownFileType = sourcecode.c.objc; path = DetailViewController.m; sourceTree = "<group>"; };
		6D8F35F918859D4D00C8AD4C /* Images.xcassets */ = {isa = PBXFileReference; lastKnownFileType = folder.assetcatalog; path = Images.xcassets; sourceTree = "<group>"; };
		6D8F35FF18859D4D00C8AD4C /* RottenTomatoesBootcampTests.xctest */ = {isa = PBXFileReference; explicitFileType = wrapper.cfbundle; includeInIndex = 0; path = RottenTomatoesBootcampTests.xctest; sourceTree = BUILT_PRODUCTS_DIR; };
		6D8F360018859D4D00C8AD4C /* XCTest.framework */ = {isa = PBXFileReference; lastKnownFileType = wrapper.framework; name = XCTest.framework; path = Library/Frameworks/XCTest.framework; sourceTree = DEVELOPER_DIR; };
		6D8F360818859D4D00C8AD4C /* RottenTomatoesBootcampTests-Info.plist */ = {isa = PBXFileReference; lastKnownFileType = text.plist.xml; path = "RottenTomatoesBootcampTests-Info.plist"; sourceTree = "<group>"; };
		6D8F360A18859D4D00C8AD4C /* en */ = {isa = PBXFileReference; lastKnownFileType = text.plist.strings; name = en; path = en.lproj/InfoPlist.strings; sourceTree = "<group>"; };
		6D8F360C18859D4D00C8AD4C /* RottenTomatoesBootcampTests.m */ = {isa = PBXFileReference; lastKnownFileType = sourcecode.c.objc; path = RottenTomatoesBootcampTests.m; sourceTree = "<group>"; };
		6D8F36161885CBC400C8AD4C /* DetailCell.h */ = {isa = PBXFileReference; fileEncoding = 4; lastKnownFileType = sourcecode.c.h; path = DetailCell.h; sourceTree = "<group>"; };
		6D8F36171885CBC400C8AD4C /* DetailCell.m */ = {isa = PBXFileReference; fileEncoding = 4; lastKnownFileType = sourcecode.c.objc; path = DetailCell.m; sourceTree = "<group>"; };
		6D8F36191885D5F800C8AD4C /* Movie.h */ = {isa = PBXFileReference; fileEncoding = 4; lastKnownFileType = sourcecode.c.h; path = Movie.h; sourceTree = "<group>"; };
		6D8F361A1885D5F800C8AD4C /* Movie.m */ = {isa = PBXFileReference; fileEncoding = 4; lastKnownFileType = sourcecode.c.objc; path = Movie.m; sourceTree = "<group>"; };
		6D8F361C1885D63F00C8AD4C /* RottenCommunicatorDelegate.h */ = {isa = PBXFileReference; lastKnownFileType = sourcecode.c.h; path = RottenCommunicatorDelegate.h; sourceTree = "<group>"; };
		6D8F361D1885D6B300C8AD4C /* RottenCommunicator.h */ = {isa = PBXFileReference; fileEncoding = 4; lastKnownFileType = sourcecode.c.h; path = RottenCommunicator.h; sourceTree = "<group>"; };
		6D8F361E1885D6B300C8AD4C /* RottenCommunicator.m */ = {isa = PBXFileReference; fileEncoding = 4; lastKnownFileType = sourcecode.c.objc; path = RottenCommunicator.m; sourceTree = "<group>"; };
		6D8F36201885DFA600C8AD4C /* MovieBuilder.h */ = {isa = PBXFileReference; fileEncoding = 4; lastKnownFileType = sourcecode.c.h; path = MovieBuilder.h; sourceTree = "<group>"; };
		6D8F36211885DFA600C8AD4C /* MovieBuilder.m */ = {isa = PBXFileReference; fileEncoding = 4; lastKnownFileType = sourcecode.c.objc; path = MovieBuilder.m; sourceTree = "<group>"; };
		6D8F36231885E97800C8AD4C /* RottenManagerDelegate.h */ = {isa = PBXFileReference; lastKnownFileType = sourcecode.c.h; path = RottenManagerDelegate.h; sourceTree = "<group>"; };
		6D8F36241885E9C100C8AD4C /* RottenManager.h */ = {isa = PBXFileReference; fileEncoding = 4; lastKnownFileType = sourcecode.c.h; path = RottenManager.h; sourceTree = "<group>"; };
		6D8F36251885E9C100C8AD4C /* RottenManager.m */ = {isa = PBXFileReference; fileEncoding = 4; lastKnownFileType = sourcecode.c.objc; path = RottenManager.m; sourceTree = "<group>"; };
		6D8F36271886F0C100C8AD4C /* tomato_whole_red_1.png */ = {isa = PBXFileReference; lastKnownFileType = image.png; name = tomato_whole_red_1.png; path = "../../../AndroidStudioProjects/RottenTomatoesApplication/app/src/main/res/drawable-hdpi/tomato_whole_red_1.png"; sourceTree = "<group>"; };
/* End PBXFileReference section */

/* Begin PBXFrameworksBuildPhase section */
		6D8F35D818859D4D00C8AD4C /* Frameworks */ = {
			isa = PBXFrameworksBuildPhase;
			buildActionMask = 2147483647;
			files = (
				6D8F35E118859D4D00C8AD4C /* CoreGraphics.framework in Frameworks */,
				6D8F35E318859D4D00C8AD4C /* UIKit.framework in Frameworks */,
				6D8F35DF18859D4D00C8AD4C /* Foundation.framework in Frameworks */,
			);
			runOnlyForDeploymentPostprocessing = 0;
		};
		6D8F35FC18859D4D00C8AD4C /* Frameworks */ = {
			isa = PBXFrameworksBuildPhase;
			buildActionMask = 2147483647;
			files = (
				6D8F360118859D4D00C8AD4C /* XCTest.framework in Frameworks */,
				6D8F360318859D4D00C8AD4C /* UIKit.framework in Frameworks */,
				6D8F360218859D4D00C8AD4C /* Foundation.framework in Frameworks */,
			);
			runOnlyForDeploymentPostprocessing = 0;
		};
/* End PBXFrameworksBuildPhase section */

/* Begin PBXGroup section */
		6D8F35D218859D4D00C8AD4C = {
			isa = PBXGroup;
			children = (
				6D8F35E418859D4D00C8AD4C /* RottenTomatoesBootcamp */,
				6D8F360618859D4D00C8AD4C /* RottenTomatoesBootcampTests */,
				6D8F35DD18859D4D00C8AD4C /* Frameworks */,
				6D8F35DC18859D4D00C8AD4C /* Products */,
			);
			sourceTree = "<group>";
		};
		6D8F35DC18859D4D00C8AD4C /* Products */ = {
			isa = PBXGroup;
			children = (
				6D8F35DB18859D4D00C8AD4C /* RottenTomatoesBootcamp.app */,
				6D8F35FF18859D4D00C8AD4C /* RottenTomatoesBootcampTests.xctest */,
			);
			name = Products;
			sourceTree = "<group>";
		};
		6D8F35DD18859D4D00C8AD4C /* Frameworks */ = {
			isa = PBXGroup;
			children = (
				6D8F35DE18859D4D00C8AD4C /* Foundation.framework */,
				6D8F35E018859D4D00C8AD4C /* CoreGraphics.framework */,
				6D8F35E218859D4D00C8AD4C /* UIKit.framework */,
				6D8F360018859D4D00C8AD4C /* XCTest.framework */,
			);
			name = Frameworks;
			sourceTree = "<group>";
		};
		6D8F35E418859D4D00C8AD4C /* RottenTomatoesBootcamp */ = {
			isa = PBXGroup;
			children = (
				6D8F36271886F0C100C8AD4C /* tomato_whole_red_1.png */,
				6D8F35ED18859D4D00C8AD4C /* AppDelegate.h */,
				6D8F35EE18859D4D00C8AD4C /* AppDelegate.m */,
				6D8F35F018859D4D00C8AD4C /* Main.storyboard */,
				6D8F36191885D5F800C8AD4C /* Movie.h */,
				6D8F361A1885D5F800C8AD4C /* Movie.m */,
				6D8F361C1885D63F00C8AD4C /* RottenCommunicatorDelegate.h */,
				6D8F36231885E97800C8AD4C /* RottenManagerDelegate.h */,
				6D8F36241885E9C100C8AD4C /* RottenManager.h */,
				6D8F36251885E9C100C8AD4C /* RottenManager.m */,
				6D8F361D1885D6B300C8AD4C /* RottenCommunicator.h */,
				6D8F36201885DFA600C8AD4C /* MovieBuilder.h */,
				6D8F36211885DFA600C8AD4C /* MovieBuilder.m */,
				6D8F361E1885D6B300C8AD4C /* RottenCommunicator.m */,
				6D8F35F318859D4D00C8AD4C /* MasterViewController.h */,
				6D8F35F418859D4D00C8AD4C /* MasterViewController.m */,
				6D8F36161885CBC400C8AD4C /* DetailCell.h */,
				6D8F36171885CBC400C8AD4C /* DetailCell.m */,
				6D8F35F618859D4D00C8AD4C /* DetailViewController.h */,
				6D8F35F718859D4D00C8AD4C /* DetailViewController.m */,
				6D8F35F918859D4D00C8AD4C /* Images.xcassets */,
				6D8F35E518859D4D00C8AD4C /* Supporting Files */,
			);
			path = RottenTomatoesBootcamp;
			sourceTree = "<group>";
		};
		6D8F35E518859D4D00C8AD4C /* Supporting Files */ = {
			isa = PBXGroup;
			children = (
				6D8F35E618859D4D00C8AD4C /* RottenTomatoesBootcamp-Info.plist */,
				6D8F35E718859D4D00C8AD4C /* InfoPlist.strings */,
				6D8F35EA18859D4D00C8AD4C /* main.m */,
				6D8F35EC18859D4D00C8AD4C /* RottenTomatoesBootcamp-Prefix.pch */,
			);
			name = "Supporting Files";
			sourceTree = "<group>";
		};
		6D8F360618859D4D00C8AD4C /* RottenTomatoesBootcampTests */ = {
			isa = PBXGroup;
			children = (
				6D8F360C18859D4D00C8AD4C /* RottenTomatoesBootcampTests.m */,
				6D8F360718859D4D00C8AD4C /* Supporting Files */,
			);
			path = RottenTomatoesBootcampTests;
			sourceTree = "<group>";
		};
		6D8F360718859D4D00C8AD4C /* Supporting Files */ = {
			isa = PBXGroup;
			children = (
				6D8F360818859D4D00C8AD4C /* RottenTomatoesBootcampTests-Info.plist */,
				6D8F360918859D4D00C8AD4C /* InfoPlist.strings */,
			);
			name = "Supporting Files";
			sourceTree = "<group>";
		};
/* End PBXGroup section */

/* Begin PBXNativeTarget section */
		6D8F35DA18859D4D00C8AD4C /* RottenTomatoesBootcamp */ = {
			isa = PBXNativeTarget;
			buildConfigurationList = 6D8F361018859D4D00C8AD4C /* Build configuration list for PBXNativeTarget "RottenTomatoesBootcamp" */;
			buildPhases = (
				6D8F35D718859D4D00C8AD4C /* Sources */,
				6D8F35D818859D4D00C8AD4C /* Frameworks */,
				6D8F35D918859D4D00C8AD4C /* Resources */,
			);
			buildRules = (
			);
			dependencies = (
			);
			name = RottenTomatoesBootcamp;
			productName = RottenTomatoesBootcamp;
			productReference = 6D8F35DB18859D4D00C8AD4C /* RottenTomatoesBootcamp.app */;
			productType = "com.apple.product-type.application";
		};
		6D8F35FE18859D4D00C8AD4C /* RottenTomatoesBootcampTests */ = {
			isa = PBXNativeTarget;
			buildConfigurationList = 6D8F361318859D4D00C8AD4C /* Build configuration list for PBXNativeTarget "RottenTomatoesBootcampTests" */;
			buildPhases = (
				6D8F35FB18859D4D00C8AD4C /* Sources */,
				6D8F35FC18859D4D00C8AD4C /* Frameworks */,
				6D8F35FD18859D4D00C8AD4C /* Resources */,
			);
			buildRules = (
			);
			dependencies = (
				6D8F360518859D4D00C8AD4C /* PBXTargetDependency */,
			);
			name = RottenTomatoesBootcampTests;
			productName = RottenTomatoesBootcampTests;
			productReference = 6D8F35FF18859D4D00C8AD4C /* RottenTomatoesBootcampTests.xctest */;
			productType = "com.apple.product-type.bundle.unit-test";
		};
/* End PBXNativeTarget section */

/* Begin PBXProject section */
		6D8F35D318859D4D00C8AD4C /* Project object */ = {
			isa = PBXProject;
			attributes = {
				LastUpgradeCheck = 0500;
				ORGANIZATIONNAME = RottenTomatoes;
				TargetAttributes = {
					6D8F35FE18859D4D00C8AD4C = {
						TestTargetID = 6D8F35DA18859D4D00C8AD4C;
					};
				};
			};
			buildConfigurationList = 6D8F35D618859D4D00C8AD4C /* Build configuration list for PBXProject "RottenTomatoesBootcamp" */;
			compatibilityVersion = "Xcode 3.2";
			developmentRegion = English;
			hasScannedForEncodings = 0;
			knownRegions = (
				en,
				Base,
			);
			mainGroup = 6D8F35D218859D4D00C8AD4C;
			productRefGroup = 6D8F35DC18859D4D00C8AD4C /* Products */;
			projectDirPath = "";
			projectRoot = "";
			targets = (
				6D8F35DA18859D4D00C8AD4C /* RottenTomatoesBootcamp */,
				6D8F35FE18859D4D00C8AD4C /* RottenTomatoesBootcampTests */,
			);
		};
/* End PBXProject section */

/* Begin PBXResourcesBuildPhase section */
		6D8F35D918859D4D00C8AD4C /* Resources */ = {
			isa = PBXResourcesBuildPhase;
			buildActionMask = 2147483647;
			files = (
				6D8F35FA18859D4D00C8AD4C /* Images.xcassets in Resources */,
				6D8F36281886F0C100C8AD4C /* tomato_whole_red_1.png in Resources */,
				6D8F35E918859D4D00C8AD4C /* InfoPlist.strings in Resources */,
				6D8F35F218859D4D00C8AD4C /* Main.storyboard in Resources */,
			);
			runOnlyForDeploymentPostprocessing = 0;
		};
		6D8F35FD18859D4D00C8AD4C /* Resources */ = {
			isa = PBXResourcesBuildPhase;
			buildActionMask = 2147483647;
			files = (
				6D8F360B18859D4D00C8AD4C /* InfoPlist.strings in Resources */,
			);
			runOnlyForDeploymentPostprocessing = 0;
		};
/* End PBXResourcesBuildPhase section */

/* Begin PBXSourcesBuildPhase section */
		6D8F35D718859D4D00C8AD4C /* Sources */ = {
			isa = PBXSourcesBuildPhase;
			buildActionMask = 2147483647;
			files = (
				6D8F36221885DFA600C8AD4C /* MovieBuilder.m in Sources */,
				6D8F361B1885D5F800C8AD4C /* Movie.m in Sources */,
				6D8F35EF18859D4D00C8AD4C /* AppDelegate.m in Sources */,
				6D8F36181885CBC400C8AD4C /* DetailCell.m in Sources */,
				6D8F35F518859D4D00C8AD4C /* MasterViewController.m in Sources */,
				6D8F35EB18859D4D00C8AD4C /* main.m in Sources */,
				6D8F35F818859D4D00C8AD4C /* DetailViewController.m in Sources */,
				6D8F361F1885D6B300C8AD4C /* RottenCommunicator.m in Sources */,
				6D8F36261885E9C100C8AD4C /* RottenManager.m in Sources */,
			);
			runOnlyForDeploymentPostprocessing = 0;
		};
		6D8F35FB18859D4D00C8AD4C /* Sources */ = {
			isa = PBXSourcesBuildPhase;
			buildActionMask = 2147483647;
			files = (
				6D8F360D18859D4D00C8AD4C /* RottenTomatoesBootcampTests.m in Sources */,
			);
			runOnlyForDeploymentPostprocessing = 0;
		};
/* End PBXSourcesBuildPhase section */

/* Begin PBXTargetDependency section */
		6D8F360518859D4D00C8AD4C /* PBXTargetDependency */ = {
			isa = PBXTargetDependency;
			target = 6D8F35DA18859D4D00C8AD4C /* RottenTomatoesBootcamp */;
			targetProxy = 6D8F360418859D4D00C8AD4C /* PBXContainerItemProxy */;
		};
/* End PBXTargetDependency section */

/* Begin PBXVariantGroup section */
		6D8F35E718859D4D00C8AD4C /* InfoPlist.strings */ = {
			isa = PBXVariantGroup;
			children = (
				6D8F35E818859D4D00C8AD4C /* en */,
			);
			name = InfoPlist.strings;
			sourceTree = "<group>";
		};
		6D8F35F018859D4D00C8AD4C /* Main.storyboard */ = {
			isa = PBXVariantGroup;
			children = (
				6D8F35F118859D4D00C8AD4C /* Base */,
			);
			name = Main.storyboard;
			sourceTree = "<group>";
		};
		6D8F360918859D4D00C8AD4C /* InfoPlist.strings */ = {
			isa = PBXVariantGroup;
			children = (
				6D8F360A18859D4D00C8AD4C /* en */,
			);
			name = InfoPlist.strings;
			sourceTree = "<group>";
		};
/* End PBXVariantGroup section */

/* Begin XCBuildConfiguration section */
		6D8F360E18859D4D00C8AD4C /* Debug */ = {
			isa = XCBuildConfiguration;
			buildSettings = {
				ALWAYS_SEARCH_USER_PATHS = NO;
				ARCHS = "$(ARCHS_STANDARD_INCLUDING_64_BIT)";
				CLANG_CXX_LANGUAGE_STANDARD = "gnu++0x";
				CLANG_CXX_LIBRARY = "libc++";
				CLANG_ENABLE_MODULES = YES;
				CLANG_ENABLE_OBJC_ARC = YES;
				CLANG_WARN_BOOL_CONVERSION = YES;
				CLANG_WARN_CONSTANT_CONVERSION = YES;
				CLANG_WARN_DIRECT_OBJC_ISA_USAGE = YES_ERROR;
				CLANG_WARN_EMPTY_BODY = YES;
				CLANG_WARN_ENUM_CONVERSION = YES;
				CLANG_WARN_INT_CONVERSION = YES;
				CLANG_WARN_OBJC_ROOT_CLASS = YES_ERROR;
				CLANG_WARN__DUPLICATE_METHOD_MATCH = YES;
				"CODE_SIGN_IDENTITY[sdk=iphoneos*]" = "iPhone Developer";
				COPY_PHASE_STRIP = NO;
				GCC_C_LANGUAGE_STANDARD = gnu99;
				GCC_DYNAMIC_NO_PIC = NO;
				GCC_OPTIMIZATION_LEVEL = 0;
				GCC_PREPROCESSOR_DEFINITIONS = (
					"DEBUG=1",
					"$(inherited)",
				);
				GCC_SYMBOLS_PRIVATE_EXTERN = NO;
				GCC_WARN_64_TO_32_BIT_CONVERSION = YES;
				GCC_WARN_ABOUT_RETURN_TYPE = YES_ERROR;
				GCC_WARN_UNDECLARED_SELECTOR = YES;
				GCC_WARN_UNINITIALIZED_AUTOS = YES;
				GCC_WARN_UNUSED_FUNCTION = YES;
				GCC_WARN_UNUSED_VARIABLE = YES;
				IPHONEOS_DEPLOYMENT_TARGET = 7.0;
				ONLY_ACTIVE_ARCH = YES;
				SDKROOT = iphoneos;
			};
			name = Debug;
		};
		6D8F360F18859D4D00C8AD4C /* Release */ = {
			isa = XCBuildConfiguration;
			buildSettings = {
				ALWAYS_SEARCH_USER_PATHS = NO;
				ARCHS = "$(ARCHS_STANDARD_INCLUDING_64_BIT)";
				CLANG_CXX_LANGUAGE_STANDARD = "gnu++0x";
				CLANG_CXX_LIBRARY = "libc++";
				CLANG_ENABLE_MODULES = YES;
				CLANG_ENABLE_OBJC_ARC = YES;
				CLANG_WARN_BOOL_CONVERSION = YES;
				CLANG_WARN_CONSTANT_CONVERSION = YES;
				CLANG_WARN_DIRECT_OBJC_ISA_USAGE = YES_ERROR;
				CLANG_WARN_EMPTY_BODY = YES;
				CLANG_WARN_ENUM_CONVERSION = YES;
				CLANG_WARN_INT_CONVERSION = YES;
				CLANG_WARN_OBJC_ROOT_CLASS = YES_ERROR;
				CLANG_WARN__DUPLICATE_METHOD_MATCH = YES;
				"CODE_SIGN_IDENTITY[sdk=iphoneos*]" = "iPhone Developer";
				COPY_PHASE_STRIP = YES;
				ENABLE_NS_ASSERTIONS = NO;
				GCC_C_LANGUAGE_STANDARD = gnu99;
				GCC_WARN_64_TO_32_BIT_CONVERSION = YES;
				GCC_WARN_ABOUT_RETURN_TYPE = YES_ERROR;
				GCC_WARN_UNDECLARED_SELECTOR = YES;
				GCC_WARN_UNINITIALIZED_AUTOS = YES;
				GCC_WARN_UNUSED_FUNCTION = YES;
				GCC_WARN_UNUSED_VARIABLE = YES;
				IPHONEOS_DEPLOYMENT_TARGET = 7.0;
				SDKROOT = iphoneos;
				VALIDATE_PRODUCT = YES;
			};
			name = Release;
		};
		6D8F361118859D4D00C8AD4C /* Debug */ = {
			isa = XCBuildConfiguration;
			buildSettings = {
				ASSETCATALOG_COMPILER_APPICON_NAME = AppIcon;
				ASSETCATALOG_COMPILER_LAUNCHIMAGE_NAME = LaunchImage;
				GCC_PRECOMPILE_PREFIX_HEADER = YES;
				GCC_PREFIX_HEADER = "RottenTomatoesBootcamp/RottenTomatoesBootcamp-Prefix.pch";
				INFOPLIST_FILE = "RottenTomatoesBootcamp/RottenTomatoesBootcamp-Info.plist";
				PRODUCT_NAME = "$(TARGET_NAME)";
				WRAPPER_EXTENSION = app;
			};
			name = Debug;
		};
		6D8F361218859D4D00C8AD4C /* Release */ = {
			isa = XCBuildConfiguration;
			buildSettings = {
				ASSETCATALOG_COMPILER_APPICON_NAME = AppIcon;
				ASSETCATALOG_COMPILER_LAUNCHIMAGE_NAME = LaunchImage;
				GCC_PRECOMPILE_PREFIX_HEADER = YES;
				GCC_PREFIX_HEADER = "RottenTomatoesBootcamp/RottenTomatoesBootcamp-Prefix.pch";
				INFOPLIST_FILE = "RottenTomatoesBootcamp/RottenTomatoesBootcamp-Info.plist";
				PRODUCT_NAME = "$(TARGET_NAME)";
				WRAPPER_EXTENSION = app;
			};
			name = Release;
		};
		6D8F361418859D4D00C8AD4C /* Debug */ = {
			isa = XCBuildConfiguration;
			buildSettings = {
				ARCHS = "$(ARCHS_STANDARD_INCLUDING_64_BIT)";
				BUNDLE_LOADER = "$(BUILT_PRODUCTS_DIR)/RottenTomatoesBootcamp.app/RottenTomatoesBootcamp";
				FRAMEWORK_SEARCH_PATHS = (
					"$(SDKROOT)/Developer/Library/Frameworks",
					"$(inherited)",
					"$(DEVELOPER_FRAMEWORKS_DIR)",
				);
				GCC_PRECOMPILE_PREFIX_HEADER = YES;
				GCC_PREFIX_HEADER = "RottenTomatoesBootcamp/RottenTomatoesBootcamp-Prefix.pch";
				GCC_PREPROCESSOR_DEFINITIONS = (
					"DEBUG=1",
					"$(inherited)",
				);
				INFOPLIST_FILE = "RottenTomatoesBootcampTests/RottenTomatoesBootcampTests-Info.plist";
				PRODUCT_NAME = "$(TARGET_NAME)";
				TEST_HOST = "$(BUNDLE_LOADER)";
				WRAPPER_EXTENSION = xctest;
			};
			name = Debug;
		};
		6D8F361518859D4D00C8AD4C /* Release */ = {
			isa = XCBuildConfiguration;
			buildSettings = {
				ARCHS = "$(ARCHS_STANDARD_INCLUDING_64_BIT)";
				BUNDLE_LOADER = "$(BUILT_PRODUCTS_DIR)/RottenTomatoesBootcamp.app/RottenTomatoesBootcamp";
				FRAMEWORK_SEARCH_PATHS = (
					"$(SDKROOT)/Developer/Library/Frameworks",
					"$(inherited)",
					"$(DEVELOPER_FRAMEWORKS_DIR)",
				);
				GCC_PRECOMPILE_PREFIX_HEADER = YES;
				GCC_PREFIX_HEADER = "RottenTomatoesBootcamp/RottenTomatoesBootcamp-Prefix.pch";
				INFOPLIST_FILE = "RottenTomatoesBootcampTests/RottenTomatoesBootcampTests-Info.plist";
				PRODUCT_NAME = "$(TARGET_NAME)";
				TEST_HOST = "$(BUNDLE_LOADER)";
				WRAPPER_EXTENSION = xctest;
			};
			name = Release;
		};
/* End XCBuildConfiguration section */

/* Begin XCConfigurationList section */
		6D8F35D618859D4D00C8AD4C /* Build configuration list for PBXProject "RottenTomatoesBootcamp" */ = {
			isa = XCConfigurationList;
			buildConfigurations = (
				6D8F360E18859D4D00C8AD4C /* Debug */,
				6D8F360F18859D4D00C8AD4C /* Release */,
			);
			defaultConfigurationIsVisible = 0;
			defaultConfigurationName = Release;
		};
		6D8F361018859D4D00C8AD4C /* Build configuration list for PBXNativeTarget "RottenTomatoesBootcamp" */ = {
			isa = XCConfigurationList;
			buildConfigurations = (
				6D8F361118859D4D00C8AD4C /* Debug */,
				6D8F361218859D4D00C8AD4C /* Release */,
			);
			defaultConfigurationIsVisible = 0;
			defaultConfigurationName = Release;
		};
		6D8F361318859D4D00C8AD4C /* Build configuration list for PBXNativeTarget "RottenTomatoesBootcampTests" */ = {
			isa = XCConfigurationList;
			buildConfigurations = (
				6D8F361418859D4D00C8AD4C /* Debug */,
				6D8F361518859D4D00C8AD4C /* Release */,
			);
			defaultConfigurationIsVisible = 0;
			defaultConfigurationName = Release;
		};
/* End XCConfigurationList section */
	};
	rootObject = 6D8F35D318859D4D00C8AD4C /* Project object */;
}
